# Generated by pub
# See https://dart.dev/tools/pub/glossary#lockfile
packages:
  appkit_ui_element_colors:
    dependency: transitive
    description:
      name: appkit_ui_element_colors
      sha256: b88a7c35d440fa3ac75222d0e2b7e3259200e531e33b5d2468e358119f3481dc
      url: "https://pub.dev"
    source: hosted
    version: "1.0.1"
  characters:
    dependency: transitive
    description:
      name: characters
      sha256: f71061c654a3380576a52b451dd5532377954cf9dbd272a78fc8479606670803
      url: "https://pub.dev"
    source: hosted
    version: "1.4.0"
  clock:
    dependency: transitive
    description:
      name: clock
      sha256: fddb70d9b5277016c77a80201021d40a2247104d9f4aa7bab7157b7e3f05b84b
      url: "https://pub.dev"
    source: hosted
    version: "1.1.2"
  collection:
    dependency: transitive
    description:
      name: collection
      sha256: "2f5709ae4d3d59dd8f7cd309b4e023046b57d8a6c82130785d2b0e5868084e76"
      url: "https://pub.dev"
    source: hosted
    version: "1.19.1"
  equatable:
    dependency: transitive
    description:
      name: equatable
      sha256: "567c64b3cb4cf82397aac55f4f0cbd3ca20d77c6c03bedbc4ceaddc08904aef7"
      url: "https://pub.dev"
    source: hosted
    version: "2.0.7"
  fluent_ui:
    dependency: "direct main"
    description:
      name: fluent_ui
      sha256: "8645eabacb46bfc9632fadc6e106756cdc6f2a4efb5a4fed4410bd3131306fe8"
      url: "https://pub.dev"
    source: hosted
    version: "4.12.0"
  flutter:
    dependency: "direct main"
    description: flutter
    source: sdk
    version: "0.0.0"
  flutter_localizations:
    dependency: transitive
    description: flutter
    source: sdk
    version: "0.0.0"
  gradient_borders:
    dependency: transitive
    description:
      name: gradient_borders
      sha256: b1cd969552c83f458ff755aa68e13a0327d09f06c3f42f471b423b01427f21f8
      url: "https://pub.dev"
    source: hosted
    version: "1.0.1"
  intl:
    dependency: transitive
    description:
      name: intl
      sha256: "3df61194eb431efc39c4ceba583b95633a403f46c9fd341e550ce0bfa50e9aa5"
      url: "https://pub.dev"
    source: hosted
    version: "0.20.2"
  macos_ui:
    dependency: "direct main"
    description:
      name: macos_ui
      sha256: "204a52eed576e38099037401c092cb3d7ab41193e3ed0ba5ac2c585b3cf755a5"
      url: "https://pub.dev"
    source: hosted
    version: "2.1.10"
  macos_window_utils:
    dependency: transitive
    description:
      name: macos_window_utils
      sha256: b5832b9a9df1741d78b76ea77811803fbcc944599b3b41950a9f19e822731023
      url: "https://pub.dev"
    source: hosted
    version: "1.8.1"
  material_color_utilities:
    dependency: transitive
    description:
      name: material_color_utilities
      sha256: f7142bb1154231d7ea5f96bc7bde4bda2a0945d2806bb11670e30b850d56bdec
      url: "https://pub.dev"
    source: hosted
    version: "0.11.1"
  math_expressions:
    dependency: transitive
    description:
      name: math_expressions
      sha256: "218dc65bed4726562bb31c53d8daa3cc824664b26fb72d77bc592757edf74ba0"
      url: "https://pub.dev"
    source: hosted
    version: "2.7.0"
  meta:
    dependency: transitive
    description:
      name: meta
      sha256: e3641ec5d63ebf0d9b41bd43201a66e3fc79a65db5f61fc181f04cd27aab950c
      url: "https://pub.dev"
    source: hosted
    version: "1.16.0"
  path:
    dependency: transitive
    description:
      name: path
      sha256: "75cca69d1490965be98c73ceaea117e8a04dd21217b37b292c9ddbec0d955bc5"
      url: "https://pub.dev"
    source: hosted
    version: "1.9.1"
  petitparser:
    dependency: transitive
    description:
      name: petitparser
      sha256: "07c8f0b1913bcde1ff0d26e57ace2f3012ccbf2b204e070290dad3bb22797646"
      url: "https://pub.dev"
    source: hosted
    version: "6.1.0"
  plugin_platform_interface:
    dependency: transitive
    description:
      name: plugin_platform_interface
      sha256: "4820fbfdb9478b1ebae27888254d445073732dae3d6ea81f0b7e06d5dedc3f02"
      url: "https://pub.dev"
    source: hosted
    version: "2.1.8"
  recase:
    dependency: transitive
    description:
      name: recase
      sha256: e4eb4ec2dcdee52dcf99cb4ceabaffc631d7424ee55e56f280bc039737f89213
      url: "https://pub.dev"
    source: hosted
    version: "4.1.0"
  scroll_pos:
    dependency: transitive
    description:
      name: scroll_pos
      sha256: cebf602b2dd939de6832bb902ffefb574608d1b84f420b82b381a4007d3c1e1b
      url: "https://pub.dev"
    source: hosted
    version: "0.5.0"
  sky_engine:
    dependency: transitive
    description: flutter
    source: sdk
    version: "0.0.0"
  vector_math:
    dependency: transitive
    description:
      name: vector_math
      sha256: "80b3257d1492ce4d091729e3a67a60407d227c27241d6927be0130c98e741803"
      url: "https://pub.dev"
    source: hosted
    version: "2.1.4"
sdks:
  dart: ">=3.8.1 <4.0.0"
  flutter: ">=3.32.0"
